// !$*UTF8*$!
{
	archiveVersion = 1;
	classes = {
	};
	objectVersion = 48;
	objects = {

/* Begin PBXBuildFile section */
		48A60D5AD7740D72693F86EC /* Pods_QCCrashErrorTest.framework in Frameworks */ = {isa = PBXBuildFile; fileRef = 6E1D00A25628DBEC8DD620D0 /* Pods_QCCrashErrorTest.framework */; };
		F67A1D8020B6679900E9CC30 /* AppDelegate.m in Sources */ = {isa = PBXBuildFile; fileRef = F67A1D7F20B6679900E9CC30 /* AppDelegate.m */; };
		F67A1D8320B6679900E9CC30 /* ViewController.m in Sources */ = {isa = PBXBuildFile; fileRef = F67A1D8220B6679900E9CC30 /* ViewController.m */; };
		F67A1D8620B6679900E9CC30 /* Main.storyboard in Resources */ = {isa = PBXBuildFile; fileRef = F67A1D8420B6679900E9CC30 /* Main.storyboard */; };
		F67A1D8820B6679A00E9CC30 /* Assets.xcassets in Resources */ = {isa = PBXBuildFile; fileRef = F67A1D8720B6679A00E9CC30 /* Assets.xcassets */; };
		F67A1D8B20B6679A00E9CC30 /* LaunchScreen.storyboard in Resources */ = {isa = PBXBuildFile; fileRef = F67A1D8920B6679A00E9CC30 /* LaunchScreen.storyboard */; };
		F67A1D8E20B6679A00E9CC30 /* main.m in Sources */ = {isa = PBXBuildFile; fileRef = F67A1D8D20B6679A00E9CC30 /* main.m */; };
		F67A1D9820B6679A00E9CC30 /* QCCrashErrorTestTests.m in Sources */ = {isa = PBXBuildFile; fileRef = F67A1D9720B6679A00E9CC30 /* QCCrashErrorTestTests.m */; };
		F67A1DA320B6679A00E9CC30 /* QCCrashErrorTestUITests.m in Sources */ = {isa = PBXBuildFile; fileRef = F67A1DA220B6679A00E9CC30 /* QCCrashErrorTestUITests.m */; };
		F67A1DB220B667E900E9CC30 /* CatchCrash.m in Sources */ = {isa = PBXBuildFile; fileRef = F67A1DB120B667E900E9CC30 /* CatchCrash.m */; };
/* End PBXBuildFile section */

/* Begin PBXContainerItemProxy section */
		F67A1D9420B6679A00E9CC30 /* PBXContainerItemProxy */ = {
			isa = PBXContainerItemProxy;
			containerPortal = F67A1D7320B6679800E9CC30 /* Project object */;
			proxyType = 1;
			remoteGlobalIDString = F67A1D7A20B6679800E9CC30;
			remoteInfo = QCCrashErrorTest;
		};
		F67A1D9F20B6679A00E9CC30 /* PBXContainerItemProxy */ = {
			isa = PBXContainerItemProxy;
			containerPortal = F67A1D7320B6679800E9CC30 /* Project object */;
			proxyType = 1;
			remoteGlobalIDString = F67A1D7A20B6679800E9CC30;
			remoteInfo = QCCrashErrorTest;
		};
/* End PBXContainerItemProxy section */

/* Begin PBXFileReference section */
		17D9BD7007977D4027607580 /* Pods-QCCrashErrorTest.debug.xcconfig */ = {isa = PBXFileReference; includeInIndex = 1; lastKnownFileType = text.xcconfig; name = "Pods-QCCrashErrorTest.debug.xcconfig"; path = "Pods/Target Support Files/Pods-QCCrashErrorTest/Pods-QCCrashErrorTest.debug.xcconfig"; sourceTree = "<group>"; };
		2A33F5D7CCA6956402C5FDE3 /* Pods-QCCrashErrorTest.release.xcconfig */ = {isa = PBXFileReference; includeInIndex = 1; lastKnownFileType = text.xcconfig; name = "Pods-QCCrashErrorTest.release.xcconfig"; path = "Pods/Target Support Files/Pods-QCCrashErrorTest/Pods-QCCrashErrorTest.release.xcconfig"; sourceTree = "<group>"; };
		6E1D00A25628DBEC8DD620D0 /* Pods_QCCrashErrorTest.framework */ = {isa = PBXFileReference; explicitFileType = wrapper.framework; includeInIndex = 0; path = Pods_QCCrashErrorTest.framework; sourceTree = BUILT_PRODUCTS_DIR; };
		F67A1D7B20B6679800E9CC30 /* QCCrashErrorTest.app */ = {isa = PBXFileReference; explicitFileType = wrapper.application; includeInIndex = 0; path = QCCrashErrorTest.app; sourceTree = BUILT_PRODUCTS_DIR; };
		F67A1D7E20B6679900E9CC30 /* AppDelegate.h */ = {isa = PBXFileReference; lastKnownFileType = sourcecode.c.h; path = AppDelegate.h; sourceTree = "<group>"; };
		F67A1D7F20B6679900E9CC30 /* AppDelegate.m */ = {isa = PBXFileReference; lastKnownFileType = sourcecode.c.objc; path = AppDelegate.m; sourceTree = "<group>"; };
		F67A1D8120B6679900E9CC30 /* ViewController.h */ = {isa = PBXFileReference; lastKnownFileType = sourcecode.c.h; path = ViewController.h; sourceTree = "<group>"; };
		F67A1D8220B6679900E9CC30 /* ViewController.m */ = {isa = PBXFileReference; lastKnownFileType = sourcecode.c.objc; path = ViewController.m; sourceTree = "<group>"; };
		F67A1D8520B6679900E9CC30 /* Base */ = {isa = PBXFileReference; lastKnownFileType = file.storyboard; name = Base; path = Base.lproj/Main.storyboard; sourceTree = "<group>"; };
		F67A1D8720B6679A00E9CC30 /* Assets.xcassets */ = {isa = PBXFileReference; lastKnownFileType = folder.assetcatalog; path = Assets.xcassets; sourceTree = "<group>"; };
		F67A1D8A20B6679A00E9CC30 /* Base */ = {isa = PBXFileReference; lastKnownFileType = file.storyboard; name = Base; path = Base.lproj/LaunchScreen.storyboard; sourceTree = "<group>"; };
		F67A1D8C20B6679A00E9CC30 /* Info.plist */ = {isa = PBXFileReference; lastKnownFileType = text.plist.xml; path = Info.plist; sourceTree = "<group>"; };
		F67A1D8D20B6679A00E9CC30 /* main.m */ = {isa = PBXFileReference; lastKnownFileType = sourcecode.c.objc; path = main.m; sourceTree = "<group>"; };
		F67A1D9320B6679A00E9CC30 /* QCCrashErrorTestTests.xctest */ = {isa = PBXFileReference; explicitFileType = wrapper.cfbundle; includeInIndex = 0; path = QCCrashErrorTestTests.xctest; sourceTree = BUILT_PRODUCTS_DIR; };
		F67A1D9720B6679A00E9CC30 /* QCCrashErrorTestTests.m */ = {isa = PBXFileReference; lastKnownFileType = sourcecode.c.objc; path = QCCrashErrorTestTests.m; sourceTree = "<group>"; };
		F67A1D9920B6679A00E9CC30 /* Info.plist */ = {isa = PBXFileReference; lastKnownFileType = text.plist.xml; path = Info.plist; sourceTree = "<group>"; };
		F67A1D9E20B6679A00E9CC30 /* QCCrashErrorTestUITests.xctest */ = {isa = PBXFileReference; explicitFileType = wrapper.cfbundle; includeInIndex = 0; path = QCCrashErrorTestUITests.xctest; sourceTree = BUILT_PRODUCTS_DIR; };
		F67A1DA220B6679A00E9CC30 /* QCCrashErrorTestUITests.m */ = {isa = PBXFileReference; lastKnownFileType = sourcecode.c.objc; path = QCCrashErrorTestUITests.m; sourceTree = "<group>"; };
		F67A1DA420B6679A00E9CC30 /* Info.plist */ = {isa = PBXFileReference; lastKnownFileType = text.plist.xml; path = Info.plist; sourceTree = "<group>"; };
		F67A1DB020B667E900E9CC30 /* CatchCrash.h */ = {isa = PBXFileReference; lastKnownFileType = sourcecode.c.h; path = CatchCrash.h; sourceTree = "<group>"; };
		F67A1DB120B667E900E9CC30 /* CatchCrash.m */ = {isa = PBXFileReference; lastKnownFileType = sourcecode.c.objc; path = CatchCrash.m; sourceTree = "<group>"; };
/* End PBXFileReference section */

/* Begin PBXFrameworksBuildPhase section */
		F67A1D7820B6679800E9CC30 /* Frameworks */ = {
			isa = PBXFrameworksBuildPhase;
			buildActionMask = 2147483647;
			files = (
				48A60D5AD7740D72693F86EC /* Pods_QCCrashErrorTest.framework in Frameworks */,
			);
			runOnlyForDeploymentPostprocessing = 0;
		};
		F67A1D9020B6679A00E9CC30 /* Frameworks */ = {
			isa = PBXFrameworksBuildPhase;
			buildActionMask = 2147483647;
			files = (
			);
			runOnlyForDeploymentPostprocessing = 0;
		};
		F67A1D9B20B6679A00E9CC30 /* Frameworks */ = {
			isa = PBXFrameworksBuildPhase;
			buildActionMask = 2147483647;
			files = (
			);
			runOnlyForDeploymentPostprocessing = 0;
		};
/* End PBXFrameworksBuildPhase section */

/* Begin PBXGroup section */
		41C83CCD70E1AAA31D287CC7 /* Frameworks */ = {
			isa = PBXGroup;
			children = (
				6E1D00A25628DBEC8DD620D0 /* Pods_QCCrashErrorTest.framework */,
			);
			name = Frameworks;
			sourceTree = "<group>";
		};
		E952161B37EC73321DBE6B8A /* Pods */ = {
			isa = PBXGroup;
			children = (
				17D9BD7007977D4027607580 /* Pods-QCCrashErrorTest.debug.xcconfig */,
				2A33F5D7CCA6956402C5FDE3 /* Pods-QCCrashErrorTest.release.xcconfig */,
			);
			name = Pods;
			sourceTree = "<group>";
		};
		F67A1D7220B6679700E9CC30 = {
			isa = PBXGroup;
			children = (
				F67A1D7D20B6679900E9CC30 /* QCCrashErrorTest */,
				F67A1D9620B6679A00E9CC30 /* QCCrashErrorTestTests */,
				F67A1DA120B6679A00E9CC30 /* QCCrashErrorTestUITests */,
				F67A1D7C20B6679800E9CC30 /* Products */,
				E952161B37EC73321DBE6B8A /* Pods */,
				41C83CCD70E1AAA31D287CC7 /* Frameworks */,
			);
			sourceTree = "<group>";
		};
		F67A1D7C20B6679800E9CC30 /* Products */ = {
			isa = PBXGroup;
			children = (
				F67A1D7B20B6679800E9CC30 /* QCCrashErrorTest.app */,
				F67A1D9320B6679A00E9CC30 /* QCCrashErrorTestTests.xctest */,
				F67A1D9E20B6679A00E9CC30 /* QCCrashErrorTestUITests.xctest */,
			);
			name = Products;
			sourceTree = "<group>";
		};
		F67A1D7D20B6679900E9CC30 /* QCCrashErrorTest */ = {
			isa = PBXGroup;
			children = (
				F67A1D7E20B6679900E9CC30 /* AppDelegate.h */,
				F67A1D7F20B6679900E9CC30 /* AppDelegate.m */,
				F67A1D8120B6679900E9CC30 /* ViewController.h */,
				F67A1D8220B6679900E9CC30 /* ViewController.m */,
				F67A1DB020B667E900E9CC30 /* CatchCrash.h */,
				F67A1DB120B667E900E9CC30 /* CatchCrash.m */,
				F67A1D8420B6679900E9CC30 /* Main.storyboard */,
				F67A1D8720B6679A00E9CC30 /* Assets.xcassets */,
				F67A1D8920B6679A00E9CC30 /* LaunchScreen.storyboard */,
				F67A1D8C20B6679A00E9CC30 /* Info.plist */,
				F67A1D8D20B6679A00E9CC30 /* main.m */,
			);
			path = QCCrashErrorTest;
			sourceTree = "<group>";
		};
		F67A1D9620B6679A00E9CC30 /* QCCrashErrorTestTests */ = {
			isa = PBXGroup;
			children = (
				F67A1D9720B6679A00E9CC30 /* QCCrashErrorTestTests.m */,
				F67A1D9920B6679A00E9CC30 /* Info.plist */,
			);
			path = QCCrashErrorTestTests;
			sourceTree = "<group>";
		};
		F67A1DA120B6679A00E9CC30 /* QCCrashErrorTestUITests */ = {
			isa = PBXGroup;
			children = (
				F67A1DA220B6679A00E9CC30 /* QCCrashErrorTestUITests.m */,
				F67A1DA420B6679A00E9CC30 /* Info.plist */,
			);
			path = QCCrashErrorTestUITests;
			sourceTree = "<group>";
		};
/* End PBXGroup section */

/* Begin PBXNativeTarget section */
		F67A1D7A20B6679800E9CC30 /* QCCrashErrorTest */ = {
			isa = PBXNativeTarget;
			buildConfigurationList = F67A1DA720B6679A00E9CC30 /* Build configuration list for PBXNativeTarget "QCCrashErrorTest" */;
			buildPhases = (
				16A01747A5EBF27C44B9AFC9 /* [CP] Check Pods Manifest.lock */,
				F67A1D7720B6679800E9CC30 /* Sources */,
				F67A1D7820B6679800E9CC30 /* Frameworks */,
				F67A1D7920B6679800E9CC30 /* Resources */,
				088883F5AC59E0671CC4A024 /* [CP] Embed Pods Frameworks */,
				CA2745050B079FE05C9BA823 /* [CP] Copy Pods Resources */,
			);
			buildRules = (
			);
			dependencies = (
			);
			name = QCCrashErrorTest;
			productName = QCCrashErrorTest;
			productReference = F67A1D7B20B6679800E9CC30 /* QCCrashErrorTest.app */;
			productType = "com.apple.product-type.application";
		};
		F67A1D9220B6679A00E9CC30 /* QCCrashErrorTestTests */ = {
			isa = PBXNativeTarget;
			buildConfigurationList = F67A1DAA20B6679A00E9CC30 /* Build configuration list for PBXNativeTarget "QCCrashErrorTestTests" */;
			buildPhases = (
				F67A1D8F20B6679A00E9CC30 /* Sources */,
				F67A1D9020B6679A00E9CC30 /* Frameworks */,
				F67A1D9120B6679A00E9CC30 /* Resources */,
			);
			buildRules = (
			);
			dependencies = (
				F67A1D9520B6679A00E9CC30 /* PBXTargetDependency */,
			);
			name = QCCrashErrorTestTests;
			productName = QCCrashErrorTestTests;
			productReference = F67A1D9320B6679A00E9CC30 /* QCCrashErrorTestTests.xctest */;
			productType = "com.apple.product-type.bundle.unit-test";
		};
		F67A1D9D20B6679A00E9CC30 /* QCCrashErrorTestUITests */ = {
			isa = PBXNativeTarget;
			buildConfigurationList = F67A1DAD20B6679A00E9CC30 /* Build configuration list for PBXNativeTarget "QCCrashErrorTestUITests" */;
			buildPhases = (
				F67A1D9A20B6679A00E9CC30 /* Sources */,
				F67A1D9B20B6679A00E9CC30 /* Frameworks */,
				F67A1D9C20B6679A00E9CC30 /* Resources */,
			);
			buildRules = (
			);
			dependencies = (
				F67A1DA020B6679A00E9CC30 /* PBXTargetDependency */,
			);
			name = QCCrashErrorTestUITests;
			productName = QCCrashErrorTestUITests;
			productReference = F67A1D9E20B6679A00E9CC30 /* QCCrashErrorTestUITests.xctest */;
			productType = "com.apple.product-type.bundle.ui-testing";
		};
/* End PBXNativeTarget section */

/* Begin PBXProject section */
		F67A1D7320B6679800E9CC30 /* Project object */ = {
			isa = PBXProject;
			attributes = {
				LastUpgradeCheck = 0910;
				ORGANIZATIONNAME = BYX;
				TargetAttributes = {
					F67A1D7A20B6679800E9CC30 = {
						CreatedOnToolsVersion = 9.1;
						ProvisioningStyle = Automatic;
					};
					F67A1D9220B6679A00E9CC30 = {
						CreatedOnToolsVersion = 9.1;
						ProvisioningStyle = Automatic;
						TestTargetID = F67A1D7A20B6679800E9CC30;
					};
					F67A1D9D20B6679A00E9CC30 = {
						CreatedOnToolsVersion = 9.1;
						ProvisioningStyle = Automatic;
						TestTargetID = F67A1D7A20B6679800E9CC30;
					};
				};
			};
			buildConfigurationList = F67A1D7620B6679800E9CC30 /* Build configuration list for PBXProject "QCCrashErrorTest" */;
			compatibilityVersion = "Xcode 8.0";
			developmentRegion = en;
			hasScannedForEncodings = 0;
			knownRegions = (
				en,
				Base,
			);
			mainGroup = F67A1D7220B6679700E9CC30;
			productRefGroup = F67A1D7C20B6679800E9CC30 /* Products */;
			projectDirPath = "";
			projectRoot = "";
			targets = (
				F67A1D7A20B6679800E9CC30 /* QCCrashErrorTest */,
				F67A1D9220B6679A00E9CC30 /* QCCrashErrorTestTests */,
				F67A1D9D20B6679A00E9CC30 /* QCCrashErrorTestUITests */,
			);
		};
/* End PBXProject section */

/* Begin PBXResourcesBuildPhase section */
		F67A1D7920B6679800E9CC30 /* Resources */ = {
			isa = PBXResourcesBuildPhase;
			buildActionMask = 2147483647;
			files = (
				F67A1D8B20B6679A00E9CC30 /* LaunchScreen.storyboard in Resources */,
				F67A1D8820B6679A00E9CC30 /* Assets.xcassets in Resources */,
				F67A1D8620B6679900E9CC30 /* Main.storyboard in Resources */,
			);
			runOnlyForDeploymentPostprocessing = 0;
		};
		F67A1D9120B6679A00E9CC30 /* Resources */ = {
			isa = PBXResourcesBuildPhase;
			buildActionMask = 2147483647;
			files = (
			);
			runOnlyForDeploymentPostprocessing = 0;
		};
		F67A1D9C20B6679A00E9CC30 /* Resources */ = {
			isa = PBXResourcesBuildPhase;
			buildActionMask = 2147483647;
			files = (
			);
			runOnlyForDeploymentPostprocessing = 0;
		};
/* End PBXResourcesBuildPhase section */

/* Begin PBXShellScriptBuildPhase section */
		088883F5AC59E0671CC4A024 /* [CP] Embed Pods Frameworks */ = {
			isa = PBXShellScriptBuildPhase;
			buildActionMask = 2147483647;
			files = (
			);
			inputPaths = (
				"${SRCROOT}/Pods/Target Support Files/Pods-QCCrashErrorTest/Pods-QCCrashErrorTest-frameworks.sh",
				"${BUILT_PRODUCTS_DIR}/BlocksKit/BlocksKit.framework",
				"${BUILT_PRODUCTS_DIR}/SDAutoLayout/SDAutoLayout.framework",
			);
			name = "[CP] Embed Pods Frameworks";
			outputPaths = (
				"${TARGET_BUILD_DIR}/${FRAMEWORKS_FOLDER_PATH}/BlocksKit.framework",
				"${TARGET_BUILD_DIR}/${FRAMEWORKS_FOLDER_PATH}/SDAutoLayout.framework",
			);
			runOnlyForDeploymentPostprocessing = 0;
			shellPath = /bin/sh;
			shellScript = "\"${SRCROOT}/Pods/Target Support Files/Pods-QCCrashErrorTest/Pods-QCCrashErrorTest-frameworks.sh\"\n";
			showEnvVarsInLog = 0;
		};
		16A01747A5EBF27C44B9AFC9 /* [CP] Check Pods Manifest.lock */ = {
			isa = PBXShellScriptBuildPhase;
			buildActionMask = 2147483647;
			files = (
			);
			inputPaths = (
				"${PODS_PODFILE_DIR_PATH}/Podfile.lock",
				"${PODS_ROOT}/Manifest.lock",
			);
			name = "[CP] Check Pods Manifest.lock";
			outputPaths = (
				"$(DERIVED_FILE_DIR)/Pods-QCCrashErrorTest-checkManifestLockResult.txt",
			);
			runOnlyForDeploymentPostprocessing = 0;
			shellPath = /bin/sh;
			shellScript = "diff \"${PODS_PODFILE_DIR_PATH}/Podfile.lock\" \"${PODS_ROOT}/Manifest.lock\" > /dev/null\nif [ $? != 0 ] ; then\n    # print error to STDERR\n    echo \"error: The sandbox is not in sync with the Podfile.lock. Run 'pod install' or update your CocoaPods installation.\" >&2\n    exit 1\nfi\n# This output is used by Xcode 'outputs' to avoid re-running this script phase.\necho \"SUCCESS\" > \"${SCRIPT_OUTPUT_FILE_0}\"\n";
			showEnvVarsInLog = 0;
		};
		CA2745050B079FE05C9BA823 /* [CP] Copy Pods Resources */ = {
			isa = PBXShellScriptBuildPhase;
			buildActionMask = 2147483647;
			files = (
			);
			inputPaths = (
			);
			name = "[CP] Copy Pods Resources";
			outputPaths = (
			);
			runOnlyForDeploymentPostprocessing = 0;
			shellPath = /bin/sh;
			shellScript = "\"${SRCROOT}/Pods/Target Support Files/Pods-QCCrashErrorTest/Pods-QCCrashErrorTest-resources.sh\"\n";
			showEnvVarsInLog = 0;
		};
/* End PBXShellScriptBuildPhase section */

/* Begin PBXSourcesBuildPhase section */
		F67A1D7720B6679800E9CC30 /* Sources */ = {
			isa = PBXSourcesBuildPhase;
			buildActionMask = 2147483647;
			files = (
				F67A1D8320B6679900E9CC30 /* ViewController.m in Sources */,
				F67A1D8E20B6679A00E9CC30 /* main.m in Sources */,
				F67A1D8020B6679900E9CC30 /* AppDelegate.m in Sources */,
				F67A1DB220B667E900E9CC30 /* CatchCrash.m in Sources */,
			);
			runOnlyForDeploymentPostprocessing = 0;
		};
		F67A1D8F20B6679A00E9CC30 /* Sources */ = {
			isa = PBXSourcesBuildPhase;
			buildActionMask = 2147483647;
			files = (
				F67A1D9820B6679A00E9CC30 /* QCCrashErrorTestTests.m in Sources */,
			);
			runOnlyForDeploymentPostprocessing = 0;
		};
		F67A1D9A20B6679A00E9CC30 /* Sources */ = {
			isa = PBXSourcesBuildPhase;
			buildActionMask = 2147483647;
			files = (
				F67A1DA320B6679A00E9CC30 /* QCCrashErrorTestUITests.m in Sources */,
			);
			runOnlyForDeploymentPostprocessing = 0;
		};
/* End PBXSourcesBuildPhase section */

/* Begin PBXTargetDependency section */
		F67A1D9520B6679A00E9CC30 /* PBXTargetDependency */ = {
			isa = PBXTargetDependency;
			target = F67A1D7A20B6679800E9CC30 /* QCCrashErrorTest */;
			targetProxy = F67A1D9420B6679A00E9CC30 /* PBXContainerItemProxy */;
		};
		F67A1DA020B6679A00E9CC30 /* PBXTargetDependency */ = {
			isa = PBXTargetDependency;
			target = F67A1D7A20B6679800E9CC30 /* QCCrashErrorTest */;
			targetProxy = F67A1D9F20B6679A00E9CC30 /* PBXContainerItemProxy */;
		};
/* End PBXTargetDependency section */

/* Begin PBXVariantGroup section */
		F67A1D8420B6679900E9CC30 /* Main.storyboard */ = {
			isa = PBXVariantGroup;
			children = (
				F67A1D8520B6679900E9CC30 /* Base */,
			);
			name = Main.storyboard;
			sourceTree = "<group>";
		};
		F67A1D8920B6679A00E9CC30 /* LaunchScreen.storyboard */ = {
			isa = PBXVariantGroup;
			children = (
				F67A1D8A20B6679A00E9CC30 /* Base */,
			);
			name = LaunchScreen.storyboard;
			sourceTree = "<group>";
		};
/* End PBXVariantGroup section */

/* Begin XCBuildConfiguration section */
		F67A1DA520B6679A00E9CC30 /* Debug */ = {
			isa = XCBuildConfiguration;
			buildSettings = {
				ALWAYS_SEARCH_USER_PATHS = NO;
				CLANG_ANALYZER_NONNULL = YES;
				CLANG_ANALYZER_NUMBER_OBJECT_CONVERSION = YES_AGGRESSIVE;
				CLANG_CXX_LANGUAGE_STANDARD = "gnu++14";
				CLANG_CXX_LIBRARY = "libc++";
				CLANG_ENABLE_MODULES = YES;
				CLANG_ENABLE_OBJC_ARC = YES;
				CLANG_WARN_BLOCK_CAPTURE_AUTORELEASING = YES;
				CLANG_WARN_BOOL_CONVERSION = YES;
				CLANG_WARN_COMMA = YES;
				CLANG_WARN_CONSTANT_CONVERSION = YES;
				CLANG_WARN_DIRECT_OBJC_ISA_USAGE = YES_ERROR;
				CLANG_WARN_DOCUMENTATION_COMMENTS = YES;
				CLANG_WARN_EMPTY_BODY = YES;
				CLANG_WARN_ENUM_CONVERSION = YES;
				CLANG_WARN_INFINITE_RECURSION = YES;
				CLANG_WARN_INT_CONVERSION = YES;
				CLANG_WARN_NON_LITERAL_NULL_CONVERSION = YES;
				CLANG_WARN_OBJC_LITERAL_CONVERSION = YES;
				CLANG_WARN_OBJC_ROOT_CLASS = YES_ERROR;
				CLANG_WARN_RANGE_LOOP_ANALYSIS = YES;
				CLANG_WARN_STRICT_PROTOTYPES = YES;
				CLANG_WARN_SUSPICIOUS_MOVE = YES;
				CLANG_WARN_UNGUARDED_AVAILABILITY = YES_AGGRESSIVE;
				CLANG_WARN_UNREACHABLE_CODE = YES;
				CLANG_WARN__DUPLICATE_METHOD_MATCH = YES;
				CODE_SIGN_IDENTITY = "iPhone Developer";
				COPY_PHASE_STRIP = NO;
				DEBUG_INFORMATION_FORMAT = dwarf;
				ENABLE_STRICT_OBJC_MSGSEND = YES;
				ENABLE_TESTABILITY = YES;
				GCC_C_LANGUAGE_STANDARD = gnu11;
				GCC_DYNAMIC_NO_PIC = NO;
				GCC_NO_COMMON_BLOCKS = YES;
				GCC_OPTIMIZATION_LEVEL = 0;
				GCC_PREPROCESSOR_DEFINITIONS = (
					"DEBUG=1",
					"$(inherited)",
				);
				GCC_WARN_64_TO_32_BIT_CONVERSION = YES;
				GCC_WARN_ABOUT_RETURN_TYPE = YES_ERROR;
				GCC_WARN_UNDECLARED_SELECTOR = YES;
				GCC_WARN_UNINITIALIZED_AUTOS = YES_AGGRESSIVE;
				GCC_WARN_UNUSED_FUNCTION = YES;
				GCC_WARN_UNUSED_VARIABLE = YES;
				IPHONEOS_DEPLOYMENT_TARGET = 11.1;
				MTL_ENABLE_DEBUG_INFO = YES;
				ONLY_ACTIVE_ARCH = YES;
				SDKROOT = iphoneos;
			};
			name = Debug;
		};
		F67A1DA620B6679A00E9CC30 /* Release */ = {
			isa = XCBuildConfiguration;
			buildSettings = {
				ALWAYS_SEARCH_USER_PATHS = NO;
				CLANG_ANALYZER_NONNULL = YES;
				CLANG_ANALYZER_NUMBER_OBJECT_CONVERSION = YES_AGGRESSIVE;
				CLANG_CXX_LANGUAGE_STANDARD = "gnu++14";
				CLANG_CXX_LIBRARY = "libc++";
				CLANG_ENABLE_MODULES = YES;
				CLANG_ENABLE_OBJC_ARC = YES;
				CLANG_WARN_BLOCK_CAPTURE_AUTORELEASING = YES;
				CLANG_WARN_BOOL_CONVERSION = YES;
				CLANG_WARN_COMMA = YES;
				CLANG_WARN_CONSTANT_CONVERSION = YES;
				CLANG_WARN_DIRECT_OBJC_ISA_USAGE = YES_ERROR;
				CLANG_WARN_DOCUMENTATION_COMMENTS = YES;
				CLANG_WARN_EMPTY_BODY = YES;
				CLANG_WARN_ENUM_CONVERSION = YES;
				CLANG_WARN_INFINITE_RECURSION = YES;
				CLANG_WARN_INT_CONVERSION = YES;
				CLANG_WARN_NON_LITERAL_NULL_CONVERSION = YES;
				CLANG_WARN_OBJC_LITERAL_CONVERSION = YES;
				CLANG_WARN_OBJC_ROOT_CLASS = YES_ERROR;
				CLANG_WARN_RANGE_LOOP_ANALYSIS = YES;
				CLANG_WARN_STRICT_PROTOTYPES = YES;
				CLANG_WARN_SUSPICIOUS_MOVE = YES;
				CLANG_WARN_UNGUARDED_AVAILABILITY = YES_AGGRESSIVE;
				CLANG_WARN_UNREACHABLE_CODE = YES;
				CLANG_WARN__DUPLICATE_METHOD_MATCH = YES;
				CODE_SIGN_IDENTITY = "iPhone Developer";
				COPY_PHASE_STRIP = NO;
				DEBUG_INFORMATION_FORMAT = "dwarf-with-dsym";
				ENABLE_NS_ASSERTIONS = NO;
				ENABLE_STRICT_OBJC_MSGSEND = YES;
				GCC_C_LANGUAGE_STANDARD = gnu11;
				GCC_NO_COMMON_BLOCKS = YES;
				GCC_WARN_64_TO_32_BIT_CONVERSION = YES;
				GCC_WARN_ABOUT_RETURN_TYPE = YES_ERROR;
				GCC_WARN_UNDECLARED_SELECTOR = YES;
				GCC_WARN_UNINITIALIZED_AUTOS = YES_AGGRESSIVE;
				GCC_WARN_UNUSED_FUNCTION = YES;
				GCC_WARN_UNUSED_VARIABLE = YES;
				IPHONEOS_DEPLOYMENT_TARGET = 11.1;
				MTL_ENABLE_DEBUG_INFO = NO;
				SDKROOT = iphoneos;
				VALIDATE_PRODUCT = YES;
			};
			name = Release;
		};
		F67A1DA820B6679A00E9CC30 /* Debug */ = {
			isa = XCBuildConfiguration;
			baseConfigurationReference = 17D9BD7007977D4027607580 /* Pods-QCCrashErrorTest.debug.xcconfig */;
			buildSettings = {
				ASSETCATALOG_COMPILER_APPICON_NAME = AppIcon;
				CODE_SIGN_STYLE = Automatic;
				DEVELOPMENT_TEAM = MYPTXJ9VBT;
				INFOPLIST_FILE = QCCrashErrorTest/Info.plist;
				LD_RUNPATH_SEARCH_PATHS = "$(inherited) @executable_path/Frameworks";
				PRODUCT_BUNDLE_IDENTIFIER = com.qc.com.QCCrashErrorTest;
				PRODUCT_NAME = "$(TARGET_NAME)";
				TARGETED_DEVICE_FAMILY = "1,2";
			};
			name = Debug;
		};
		F67A1DA920B6679A00E9CC30 /* Release */ = {
			isa = XCBuildConfiguration;
			baseConfigurationReference = 2A33F5D7CCA6956402C5FDE3 /* Pods-QCCrashErrorTest.release.xcconfig */;
			buildSettings = {
				ASSETCATALOG_COMPILER_APPICON_NAME = AppIcon;
				CODE_SIGN_STYLE = Automatic;
				DEVELOPMENT_TEAM = MYPTXJ9VBT;
				INFOPLIST_FILE = QCCrashErrorTest/Info.plist;
				LD_RUNPATH_SEARCH_PATHS = "$(inherited) @executable_path/Frameworks";
				PRODUCT_BUNDLE_IDENTIFIER = com.qc.com.QCCrashErrorTest;
				PRODUCT_NAME = "$(TARGET_NAME)";
				TARGETED_DEVICE_FAMILY = "1,2";
			};
			name = Release;
		};
		F67A1DAB20B6679A00E9CC30 /* Debug */ = {
			isa = XCBuildConfiguration;
			buildSettings = {
				BUNDLE_LOADER = "$(TEST_HOST)";
				CODE_SIGN_STYLE = Automatic;
				DEVELOPMENT_TEAM = MYPTXJ9VBT;
				INFOPLIST_FILE = QCCrashErrorTestTests/Info.plist;
				LD_RUNPATH_SEARCH_PATHS = "$(inherited) @executable_path/Frameworks @loader_path/Frameworks";
				PRODUCT_BUNDLE_IDENTIFIER = com.qc.com.QCCrashErrorTestTests;
				PRODUCT_NAME = "$(TARGET_NAME)";
				TARGETED_DEVICE_FAMILY = "1,2";
				TEST_HOST = "$(BUILT_PRODUCTS_DIR)/QCCrashErrorTest.app/QCCrashErrorTest";
			};
			name = Debug;
		};
		F67A1DAC20B6679A00E9CC30 /* Release */ = {
			isa = XCBuildConfiguration;
			buildSettings = {
				BUNDLE_LOADER = "$(TEST_HOST)";
				CODE_SIGN_STYLE = Automatic;
				DEVELOPMENT_TEAM = MYPTXJ9VBT;
				INFOPLIST_FILE = QCCrashErrorTestTests/Info.plist;
				LD_RUNPATH_SEARCH_PATHS = "$(inherited) @executable_path/Frameworks @loader_path/Frameworks";
				PRODUCT_BUNDLE_IDENTIFIER = com.qc.com.QCCrashErrorTestTests;
				PRODUCT_NAME = "$(TARGET_NAME)";
				TARGETED_DEVICE_FAMILY = "1,2";
				TEST_HOST = "$(BUILT_PRODUCTS_DIR)/QCCrashErrorTest.app/QCCrashErrorTest";
			};
			name = Release;
		};
		F67A1DAE20B6679A00E9CC30 /* Debug */ = {
			isa = XCBuildConfiguration;
			buildSettings = {
				CODE_SIGN_STYLE = Automatic;
				DEVELOPMENT_TEAM = MYPTXJ9VBT;
				INFOPLIST_FILE = QCCrashErrorTestUITests/Info.plist;
				LD_RUNPATH_SEARCH_PATHS = "$(inherited) @executable_path/Frameworks @loader_path/Frameworks";
				PRODUCT_BUNDLE_IDENTIFIER = com.qc.com.QCCrashErrorTestUITests;
				PRODUCT_NAME = "$(TARGET_NAME)";
				TARGETED_DEVICE_FAMILY = "1,2";
				TEST_TARGET_NAME = QCCrashErrorTest;
			};
			name = Debug;
		};
		F67A1DAF20B6679A00E9CC30 /* Release */ = {
			isa = XCBuildConfiguration;
			buildSettings = {
				CODE_SIGN_STYLE = Automatic;
				DEVELOPMENT_TEAM = MYPTXJ9VBT;
				INFOPLIST_FILE = QCCrashErrorTestUITests/Info.plist;
				LD_RUNPATH_SEARCH_PATHS = "$(inherited) @executable_path/Frameworks @loader_path/Frameworks";
				PRODUCT_BUNDLE_IDENTIFIER = com.qc.com.QCCrashErrorTestUITests;
				PRODUCT_NAME = "$(TARGET_NAME)";
				TARGETED_DEVICE_FAMILY = "1,2";
				TEST_TARGET_NAME = QCCrashErrorTest;
			};
			name = Release;
		};
/* End XCBuildConfiguration section */

/* Begin XCConfigurationList section */
		F67A1D7620B6679800E9CC30 /* Build configuration list for PBXProject "QCCrashErrorTest" */ = {
			isa = XCConfigurationList;
			buildConfigurations = (
				F67A1DA520B6679A00E9CC30 /* Debug */,
				F67A1DA620B6679A00E9CC30 /* Release */,
			);
			defaultConfigurationIsVisible = 0;
			defaultConfigurationName = Release;
		};
		F67A1DA720B6679A00E9CC30 /* Build configuration list for PBXNativeTarget "QCCrashErrorTest" */ = {
			isa = XCConfigurationList;
			buildConfigurations = (
				F67A1DA820B6679A00E9CC30 /* Debug */,
				F67A1DA920B6679A00E9CC30 /* Release */,
			);
			defaultConfigurationIsVisible = 0;
			defaultConfigurationName = Release;
		};
		F67A1DAA20B6679A00E9CC30 /* Build configuration list for PBXNativeTarget "QCCrashErrorTestTests" */ = {
			isa = XCConfigurationList;
			buildConfigurations = (
				F67A1DAB20B6679A00E9CC30 /* Debug */,
				F67A1DAC20B6679A00E9CC30 /* Release */,
			);
			defaultConfigurationIsVisible = 0;
			defaultConfigurationName = Release;
		};
		F67A1DAD20B6679A00E9CC30 /* Build configuration list for PBXNativeTarget "QCCrashErrorTestUITests" */ = {
			isa = XCConfigurationList;
			buildConfigurations = (
				F67A1DAE20B6679A00E9CC30 /* Debug */,
				F67A1DAF20B6679A00E9CC30 /* Release */,
			);
			defaultConfigurationIsVisible = 0;
			defaultConfigurationName = Release;
		};
/* End XCConfigurationList section */
	};
	rootObject = F67A1D7320B6679800E9CC30 /* Project object */;
}
